
Microsoft Visual Studio Solution File, Format Version 10.00
# Visual Studio 2008
Project("{FAE04EC0-301F-11D3-BF4B-00C04F79EFBC}") = "csc131", "csc131\csc131.csproj", "{B4749810-E8ED-4C62-BCD5-2030B26AEDDF}"
EndProject
Global
	GlobalSection(SolutionConfigurationPlatforms) = preSolution
		Debug|Any CPU = Debug|Any CPU
		Release|Any CPU = Release|Any CPU
	EndGlobalSection
	GlobalSection(ProjectConfigurationPlatforms) = postSolution
		{B4749810-E8ED-4C62-BCD5-2030B26AEDDF}.Debug|Any CPU.ActiveCfg = Debug|Any CPU
		{B4749810-E8ED-4C62-BCD5-2030B26AEDDF}.Debug|Any CPU.Build.0 = Debug|Any CPU
		{B4749810-E8ED-4C62-BCD5-2030B26AEDDF}.Release|Any CPU.ActiveCfg = Release|Any CPU
		{B4749810-E8ED-4C62-BCD5-2030B26AEDDF}.Release|Any CPU.Build.0 = Release|Any CPU
	EndGlobalSection
	GlobalSection(MonoDevelopProperties) = preSolution
		StartupItem = csc131\csc131.csproj
	EndGlobalSection
	GlobalSection(SolutionProperties) = preSolution
		HideSolutionNode = FALSE
	EndGlobalSection
EndGlobal
